{
  "requires": true,
  "lockfileVersion": 1,
  "dependencies": {
    "@babel/runtime": {
      "version": "7.12.5",
      "resolved": "https://registry.npmjs.org/@babel/runtime/-/runtime-7.12.5.tgz",
      "integrity": "sha512-plcc+hbExy3McchJCEQG3knOsuh3HH+Prx1P6cLIkET/0dLuQDEnrT+s27Axgc9bqfsmNUNHfscgMUdBpC9xfg==",
      "dev": true,
      "requires": {
        "regenerator-runtime": "^0.13.4"
      }
    },
    "@smt-lib/observer": {
      "version": "1.0.2",
      "resolved": "https://registry.npmjs.org/@smt-lib/observer/-/observer-1.0.2.tgz",
      "integrity": "sha512-UThWWEuUwM9TgYNixQ5m2ZrQ0B3T9RO7rlJlYvOz1SVOaXto1GE2Zxezg6BRiJ29QfZ+wRZU5eAYpk5kTCBkRg==",
      "dev": true
    },
    "@smt-ui/component": {
      "version": "1.1.81",
      "resolved": "https://registry.npmjs.org/@smt-ui/component/-/component-1.1.81.tgz",
      "integrity": "sha512-S5WbcPEWekkyLYT6jixDH0qjYGAMd8tlTV+EoS6IkqvE6BqoqW3unAjIyh76DqWV8W6p+8NkIpIMlidpQLFVZg==",
      "dev": true,
      "requires": {
        "@babel/runtime": "^7.7.7",
        "@smt-lib/observer": "^1.0.2"
      }
    },
    "@smt-ui/content-component": {
      "version": "0.3.3",
      "resolved": "https://registry.npmjs.org/@smt-ui/content-component/-/content-component-0.3.3.tgz",
      "integrity": "sha512-GI+ToQlxlq4dJOy206SJXlQVtMOBotnhhpkjteHFVNN+PIQDzPn6qH3tncX1qD8T/4wvPlMkVqB24xqffplUKw=="
    },
    "regenerator-runtime": {
      "version": "0.13.7",
      "resolved": "https://registry.npmjs.org/regenerator-runtime/-/regenerator-runtime-0.13.7.tgz",
      "integrity": "sha512-a54FxoJDIr27pgf7IgeQGxmqUNYrcV338lf/6gH456HZ/PhX+5BcwHXG9ajESmwe6WRO0tAzRUrRmNONWgkrew==",
      "dev": true
    }
  }
}
