{
  "name": "flowing_water",
  "version": "1.0.0",
  "lockfileVersion": 1,
  "requires": true,
  "dependencies": {
    "@babel/runtime": {
      "version": "7.12.5",
      "resolved": "https://registry.npm.taobao.org/@babel/runtime/download/@babel/runtime-7.12.5.tgz?cache=0&sync_timestamp=1604441085826&other_urls=https%3A%2F%2Fregistry.npm.taobao.org%2F%40babel%2Fruntime%2Fdownload%2F%40babel%2Fruntime-7.12.5.tgz",
      "integrity": "sha1-QQ5+SHRB4bNgwpvnFdhw2bmFiC4=",
      "requires": {
        "regenerator-runtime": "^0.13.4"
      }
    },
    "@smt-lib/observer": {
      "version": "1.0.2",
      "resolved": "https://registry.npm.taobao.org/@smt-lib/observer/download/@smt-lib/observer-1.0.2.tgz",
      "integrity": "sha1-q/3/EQ4jaIS+cEtp53StClsKKTY="
    },
    "@smt-ui/component": {
      "version": "1.1.81",
      "resolved": "https://registry.npm.taobao.org/@smt-ui/component/download/@smt-ui/component-1.1.81.tgz",
      "integrity": "sha1-kfLtR0qfGxohKmDbw3mhUX+RF8U=",
      "requires": {
        "@babel/runtime": "^7.7.7",
        "@smt-lib/observer": "^1.0.2"
      }
    },
    "regenerator-runtime": {
      "version": "0.13.7",
      "resolved": "https://registry.npm.taobao.org/regenerator-runtime/download/regenerator-runtime-0.13.7.tgz?cache=0&sync_timestamp=1595456117883&other_urls=https%3A%2F%2Fregistry.npm.taobao.org%2Fregenerator-runtime%2Fdownload%2Fregenerator-runtime-0.13.7.tgz",
      "integrity": "sha1-ysLazIoepnX+qrrriugziYrkb1U="
    }
  }
}
